
Microsoft Visual Studio Solution File, Format Version 12.00
# Visual Studio Version 16
VisualStudioVersion = 16.0.31605.320
MinimumVisualStudioVersion = 10.0.40219.1
Project("{8BC9CEB8-8B4A-11D0-8D11-00A0C91BC942}") = "Proj2", "Proj2\Proj2.vcxproj", "{28CCE73D-72B0-4D3B-BB32-8D34B9AD2079}"
EndProject
Global
	GlobalSection(SolutionConfigurationPlatforms) = preSolution
		Debug|x64 = Debug|x64
		Debug|x86 = Debug|x86
		Release|x64 = Release|x64
		Release|x86 = Release|x86
	EndGlobalSection
	GlobalSection(ProjectConfigurationPlatforms) = postSolution
		{28CCE73D-72B0-4D3B-BB32-8D34B9AD2079}.Debug|x64.ActiveCfg = Debug|x64
		{28CCE73D-72B0-4D3B-BB32-8D34B9AD2079}.Debug|x64.Build.0 = Debug|x64
		{28CCE73D-72B0-4D3B-BB32-8D34B9AD2079}.Debug|x86.ActiveCfg = Debug|Win32
		{28CCE73D-72B0-4D3B-BB32-8D34B9AD2079}.Debug|x86.Build.0 = Debug|Win32
		{28CCE73D-72B0-4D3B-BB32-8D34B9AD2079}.Release|x64.ActiveCfg = Release|x64
		{28CCE73D-72B0-4D3B-BB32-8D34B9AD2079}.Release|x64.Build.0 = Release|x64
		{28CCE73D-72B0-4D3B-BB32-8D34B9AD2079}.Release|x86.ActiveCfg = Release|Win32
		{28CCE73D-72B0-4D3B-BB32-8D34B9AD2079}.Release|x86.Build.0 = Release|Win32
	EndGlobalSection
	GlobalSection(SolutionProperties) = preSolution
		HideSolutionNode = FALSE
	EndGlobalSection
	GlobalSection(ExtensibilityGlobals) = postSolution
		SolutionGuid = {177B22FC-A314-452E-B401-F6A7D487DB4E}
	EndGlobalSection
EndGlobal
